
Microsoft Visual Studio Solution File, Format Version 12.00
# Visual Studio Version 17
VisualStudioVersion = 17.1.32319.34
MinimumVisualStudioVersion = 10.0.40219.1
Project("{8BC9CEB8-8B4A-11D0-8D11-00A0C91BC942}") = "Point（类与构造）", "Point（类与构造）\Point（类与构造）.vcxproj", "{7250C948-8CF9-45CD-9742-B4AF57F344FD}"
EndProject
Project("{8BC9CEB8-8B4A-11D0-8D11-00A0C91BC942}") = "Date（类与构造）", "Date（类与构造）\Date（类与构造）.vcxproj", "{68F7E156-2BC0-4EDA-B454-486D22263275}"
EndProject
Project("{8BC9CEB8-8B4A-11D0-8D11-00A0C91BC942}") = "分数类（类与构造）", "分数类（类与构造）\分数类（类与构造）.vcxproj", "{4C9E5AD8-F1F4-496F-81EA-4C0657F50A45}"
EndProject
Project("{8BC9CEB8-8B4A-11D0-8D11-00A0C91BC942}") = "Point_Array（类+构造+对象数组", "Point_Array（类+构造+对象数组\Point_Array（类+构造+对象数组.vcxproj", "{CFE21B1D-D254-4DB3-965E-20ED44919D3F}"
EndProject
Project("{8BC9CEB8-8B4A-11D0-8D11-00A0C91BC942}") = "Stack（类与构造）", "Stack（类与构造）\Stack（类与构造）.vcxproj", "{DED5E6D1-418F-401F-B143-8A443E7B0381}"
EndProject
Global
	GlobalSection(SolutionConfigurationPlatforms) = preSolution
		Debug|x64 = Debug|x64
		Debug|x86 = Debug|x86
		Release|x64 = Release|x64
		Release|x86 = Release|x86
	EndGlobalSection
	GlobalSection(ProjectConfigurationPlatforms) = postSolution
		{7250C948-8CF9-45CD-9742-B4AF57F344FD}.Debug|x64.ActiveCfg = Debug|x64
		{7250C948-8CF9-45CD-9742-B4AF57F344FD}.Debug|x64.Build.0 = Debug|x64
		{7250C948-8CF9-45CD-9742-B4AF57F344FD}.Debug|x86.ActiveCfg = Debug|Win32
		{7250C948-8CF9-45CD-9742-B4AF57F344FD}.Debug|x86.Build.0 = Debug|Win32
		{7250C948-8CF9-45CD-9742-B4AF57F344FD}.Release|x64.ActiveCfg = Release|x64
		{7250C948-8CF9-45CD-9742-B4AF57F344FD}.Release|x64.Build.0 = Release|x64
		{7250C948-8CF9-45CD-9742-B4AF57F344FD}.Release|x86.ActiveCfg = Release|Win32
		{7250C948-8CF9-45CD-9742-B4AF57F344FD}.Release|x86.Build.0 = Release|Win32
		{68F7E156-2BC0-4EDA-B454-486D22263275}.Debug|x64.ActiveCfg = Debug|x64
		{68F7E156-2BC0-4EDA-B454-486D22263275}.Debug|x64.Build.0 = Debug|x64
		{68F7E156-2BC0-4EDA-B454-486D22263275}.Debug|x86.ActiveCfg = Debug|Win32
		{68F7E156-2BC0-4EDA-B454-486D22263275}.Debug|x86.Build.0 = Debug|Win32
		{68F7E156-2BC0-4EDA-B454-486D22263275}.Release|x64.ActiveCfg = Release|x64
		{68F7E156-2BC0-4EDA-B454-486D22263275}.Release|x64.Build.0 = Release|x64
		{68F7E156-2BC0-4EDA-B454-486D22263275}.Release|x86.ActiveCfg = Release|Win32
		{68F7E156-2BC0-4EDA-B454-486D22263275}.Release|x86.Build.0 = Release|Win32
		{4C9E5AD8-F1F4-496F-81EA-4C0657F50A45}.Debug|x64.ActiveCfg = Debug|x64
		{4C9E5AD8-F1F4-496F-81EA-4C0657F50A45}.Debug|x64.Build.0 = Debug|x64
		{4C9E5AD8-F1F4-496F-81EA-4C0657F50A45}.Debug|x86.ActiveCfg = Debug|Win32
		{4C9E5AD8-F1F4-496F-81EA-4C0657F50A45}.Debug|x86.Build.0 = Debug|Win32
		{4C9E5AD8-F1F4-496F-81EA-4C0657F50A45}.Release|x64.ActiveCfg = Release|x64
		{4C9E5AD8-F1F4-496F-81EA-4C0657F50A45}.Release|x64.Build.0 = Release|x64
		{4C9E5AD8-F1F4-496F-81EA-4C0657F50A45}.Release|x86.ActiveCfg = Release|Win32
		{4C9E5AD8-F1F4-496F-81EA-4C0657F50A45}.Release|x86.Build.0 = Release|Win32
		{CFE21B1D-D254-4DB3-965E-20ED44919D3F}.Debug|x64.ActiveCfg = Debug|x64
		{CFE21B1D-D254-4DB3-965E-20ED44919D3F}.Debug|x64.Build.0 = Debug|x64
		{CFE21B1D-D254-4DB3-965E-20ED44919D3F}.Debug|x86.ActiveCfg = Debug|Win32
		{CFE21B1D-D254-4DB3-965E-20ED44919D3F}.Debug|x86.Build.0 = Debug|Win32
		{CFE21B1D-D254-4DB3-965E-20ED44919D3F}.Release|x64.ActiveCfg = Release|x64
		{CFE21B1D-D254-4DB3-965E-20ED44919D3F}.Release|x64.Build.0 = Release|x64
		{CFE21B1D-D254-4DB3-965E-20ED44919D3F}.Release|x86.ActiveCfg = Release|Win32
		{CFE21B1D-D254-4DB3-965E-20ED44919D3F}.Release|x86.Build.0 = Release|Win32
		{DED5E6D1-418F-401F-B143-8A443E7B0381}.Debug|x64.ActiveCfg = Debug|x64
		{DED5E6D1-418F-401F-B143-8A443E7B0381}.Debug|x64.Build.0 = Debug|x64
		{DED5E6D1-418F-401F-B143-8A443E7B0381}.Debug|x86.ActiveCfg = Debug|Win32
		{DED5E6D1-418F-401F-B143-8A443E7B0381}.Debug|x86.Build.0 = Debug|Win32
		{DED5E6D1-418F-401F-B143-8A443E7B0381}.Release|x64.ActiveCfg = Release|x64
		{DED5E6D1-418F-401F-B143-8A443E7B0381}.Release|x64.Build.0 = Release|x64
		{DED5E6D1-418F-401F-B143-8A443E7B0381}.Release|x86.ActiveCfg = Release|Win32
		{DED5E6D1-418F-401F-B143-8A443E7B0381}.Release|x86.Build.0 = Release|Win32
	EndGlobalSection
	GlobalSection(SolutionProperties) = preSolution
		HideSolutionNode = FALSE
	EndGlobalSection
	GlobalSection(ExtensibilityGlobals) = postSolution
		SolutionGuid = {01624342-281C-4581-AB5A-1C55E92555C9}
	EndGlobalSection
EndGlobal
