
Microsoft Visual Studio Solution File, Format Version 12.00
# Visual Studio Version 17
VisualStudioVersion = 17.1.32210.238
MinimumVisualStudioVersion = 10.0.40219.1
Project("{8BC9CEB8-8B4A-11D0-8D11-00A0C91BC942}") = "三数论大小（引用）", "三数论大小（引用）\三数论大小（引用）.vcxproj", "{F280E00B-D069-4DC0-BE37-6B6E7BB65B2E}"
EndProject
Project("{8BC9CEB8-8B4A-11D0-8D11-00A0C91BC942}") = "小票输入输出（结构体）", "小票输入输出（结构体）\小票输入输出（结构体）.vcxproj", "{F7E967FF-DCD7-460F-83AC-1260AC75C61F}"
EndProject
Project("{8BC9CEB8-8B4A-11D0-8D11-00A0C91BC942}") = "谁是老二（结构体）", "谁是老二（结构体）\谁是老二（结构体）.vcxproj", "{1BD4F26A-C1B1-494F-BA94-EC7CCF57E30A}"
EndProject
Project("{8BC9CEB8-8B4A-11D0-8D11-00A0C91BC942}") = "抄袭查找（结构体+指针）", "抄袭查找（结构体+指针）\抄袭查找（结构体+指针）.vcxproj", "{CF72C535-576E-424B-B9A5-E199FEDC4A37}"
EndProject
Project("{8BC9CEB8-8B4A-11D0-8D11-00A0C91BC942}") = "求最大值最小值（引用)", "求最大值最小值（引用)\求最大值最小值（引用).vcxproj", "{4BDE4F89-210A-48F5-A675-2E1D72B37EA7}"
EndProject
Global
	GlobalSection(SolutionConfigurationPlatforms) = preSolution
		Debug|x64 = Debug|x64
		Debug|x86 = Debug|x86
		Release|x64 = Release|x64
		Release|x86 = Release|x86
	EndGlobalSection
	GlobalSection(ProjectConfigurationPlatforms) = postSolution
		{F280E00B-D069-4DC0-BE37-6B6E7BB65B2E}.Debug|x64.ActiveCfg = Debug|x64
		{F280E00B-D069-4DC0-BE37-6B6E7BB65B2E}.Debug|x64.Build.0 = Debug|x64
		{F280E00B-D069-4DC0-BE37-6B6E7BB65B2E}.Debug|x86.ActiveCfg = Debug|Win32
		{F280E00B-D069-4DC0-BE37-6B6E7BB65B2E}.Debug|x86.Build.0 = Debug|Win32
		{F280E00B-D069-4DC0-BE37-6B6E7BB65B2E}.Release|x64.ActiveCfg = Release|x64
		{F280E00B-D069-4DC0-BE37-6B6E7BB65B2E}.Release|x64.Build.0 = Release|x64
		{F280E00B-D069-4DC0-BE37-6B6E7BB65B2E}.Release|x86.ActiveCfg = Release|Win32
		{F280E00B-D069-4DC0-BE37-6B6E7BB65B2E}.Release|x86.Build.0 = Release|Win32
		{F7E967FF-DCD7-460F-83AC-1260AC75C61F}.Debug|x64.ActiveCfg = Debug|x64
		{F7E967FF-DCD7-460F-83AC-1260AC75C61F}.Debug|x64.Build.0 = Debug|x64
		{F7E967FF-DCD7-460F-83AC-1260AC75C61F}.Debug|x86.ActiveCfg = Debug|Win32
		{F7E967FF-DCD7-460F-83AC-1260AC75C61F}.Debug|x86.Build.0 = Debug|Win32
		{F7E967FF-DCD7-460F-83AC-1260AC75C61F}.Release|x64.ActiveCfg = Release|x64
		{F7E967FF-DCD7-460F-83AC-1260AC75C61F}.Release|x64.Build.0 = Release|x64
		{F7E967FF-DCD7-460F-83AC-1260AC75C61F}.Release|x86.ActiveCfg = Release|Win32
		{F7E967FF-DCD7-460F-83AC-1260AC75C61F}.Release|x86.Build.0 = Release|Win32
		{1BD4F26A-C1B1-494F-BA94-EC7CCF57E30A}.Debug|x64.ActiveCfg = Debug|x64
		{1BD4F26A-C1B1-494F-BA94-EC7CCF57E30A}.Debug|x64.Build.0 = Debug|x64
		{1BD4F26A-C1B1-494F-BA94-EC7CCF57E30A}.Debug|x86.ActiveCfg = Debug|Win32
		{1BD4F26A-C1B1-494F-BA94-EC7CCF57E30A}.Debug|x86.Build.0 = Debug|Win32
		{1BD4F26A-C1B1-494F-BA94-EC7CCF57E30A}.Release|x64.ActiveCfg = Release|x64
		{1BD4F26A-C1B1-494F-BA94-EC7CCF57E30A}.Release|x64.Build.0 = Release|x64
		{1BD4F26A-C1B1-494F-BA94-EC7CCF57E30A}.Release|x86.ActiveCfg = Release|Win32
		{1BD4F26A-C1B1-494F-BA94-EC7CCF57E30A}.Release|x86.Build.0 = Release|Win32
		{CF72C535-576E-424B-B9A5-E199FEDC4A37}.Debug|x64.ActiveCfg = Debug|x64
		{CF72C535-576E-424B-B9A5-E199FEDC4A37}.Debug|x64.Build.0 = Debug|x64
		{CF72C535-576E-424B-B9A5-E199FEDC4A37}.Debug|x86.ActiveCfg = Debug|Win32
		{CF72C535-576E-424B-B9A5-E199FEDC4A37}.Debug|x86.Build.0 = Debug|Win32
		{CF72C535-576E-424B-B9A5-E199FEDC4A37}.Release|x64.ActiveCfg = Release|x64
		{CF72C535-576E-424B-B9A5-E199FEDC4A37}.Release|x64.Build.0 = Release|x64
		{CF72C535-576E-424B-B9A5-E199FEDC4A37}.Release|x86.ActiveCfg = Release|Win32
		{CF72C535-576E-424B-B9A5-E199FEDC4A37}.Release|x86.Build.0 = Release|Win32
		{4BDE4F89-210A-48F5-A675-2E1D72B37EA7}.Debug|x64.ActiveCfg = Debug|x64
		{4BDE4F89-210A-48F5-A675-2E1D72B37EA7}.Debug|x64.Build.0 = Debug|x64
		{4BDE4F89-210A-48F5-A675-2E1D72B37EA7}.Debug|x86.ActiveCfg = Debug|Win32
		{4BDE4F89-210A-48F5-A675-2E1D72B37EA7}.Debug|x86.Build.0 = Debug|Win32
		{4BDE4F89-210A-48F5-A675-2E1D72B37EA7}.Release|x64.ActiveCfg = Release|x64
		{4BDE4F89-210A-48F5-A675-2E1D72B37EA7}.Release|x64.Build.0 = Release|x64
		{4BDE4F89-210A-48F5-A675-2E1D72B37EA7}.Release|x86.ActiveCfg = Release|Win32
		{4BDE4F89-210A-48F5-A675-2E1D72B37EA7}.Release|x86.Build.0 = Release|Win32
	EndGlobalSection
	GlobalSection(SolutionProperties) = preSolution
		HideSolutionNode = FALSE
	EndGlobalSection
	GlobalSection(ExtensibilityGlobals) = postSolution
		SolutionGuid = {BE66CBAE-419B-4D6A-83EE-CBF2E96F8539}
	EndGlobalSection
EndGlobal
